<?xml version="1.0" encoding="utf-8"?>
<Project ToolsVersion="4.0" xmlns="http://schemas.microsoft.com/developer/msbuild/2003">
  <ItemGroup>
    <ClCompile Include="dll_main.cpp">
      <Filter>Source Files</Filter>
    </ClCompile>
    <ClCompile Include="pch.cpp">
      <Filter>Source Files</Filter>
    </ClCompile>
    <ClCompile Include="..\FileOrganizerTagShellExtension\utilities.cpp">
      <Filter>Source Files</Filter>
    </ClCompile>
    <ClCompile Include="..\FileOrganizerTagShellExtension\trace.cpp">
      <Filter>Source Files</Filter>
    </ClCompile>
    <ClCompile Include="shell_icon_overlays.cpp">
      <Filter>Source Files</Filter>
    </ClCompile>
  </ItemGroup>
  <ItemGroup>
    <ClInclude Include="dll_main.h">
      <Filter>Header Files</Filter>
    </ClInclude>
    <ClInclude Include="pch.h">
      <Filter>Header Files</Filter>
    </ClInclude>
    <ClInclude Include="trace.h">
      <Filter>Header Files</Filter>
    </ClInclude>
    <ClInclude Include="..\FileOrganizerTagShellExtension\constants.h">
      <Filter>Header Files</Filter>
    </ClInclude>
    <ClInclude Include="..\FileOrganizerTagShellExtension\utilities.h">
      <Filter>Header Files</Filter>
    </ClInclude>
    <ClInclude Include="..\FileOrganizerTagShellExtension\trace.h">
      <Filter>Source Files</Filter>
    </ClInclude>
    <ClInclude Include="shell_icon_overlays.h">
      <Filter>Header Files</Filter>
    </ClInclude>
  </ItemGroup>
  <ItemGroup>
    <None Include="packages.config" />
    <None Include="dll.def">
      <Filter>Source Files</Filter>
    </None>
  </ItemGroup>
  <ItemGroup>
    <Filter Include="Source Files">
      <UniqueIdentifier>{dd38225d-1b3d-44fd-bb50-4c0318d8ebdf}</UniqueIdentifier>
    </Filter>
    <Filter Include="Header Files">
      <UniqueIdentifier>{8e8c7037-19a7-485c-babe-51ae425d591b}</UniqueIdentifier>
    </Filter>
  </ItemGroup>
</Project>